lockfileVersion: '9.0'

settings:
  autoInstallPeers: true
  excludeLinksFromLockfile: false

packageExtensionsChecksum: sha256-6PyaMRN1dXsVK0hQrlK2GkyutT0zhxSKrAlM/tzlT98=

importers:

  .:
    devDependencies:
      girgen:
        specifier: ^0.2.3
        version: 0.2.3

packages:

  '@girgen/linux-x64@0.2.3':
    resolution: {integrity: sha512-cGEGq8oGYVa24vzkkpjQxTuwCgUzM4mwtRobYCSCPrFTFH+yuVlsZN70tY2elPn084Pa2MDyMXPC+GOeXY4acg==}
    cpu: [x64]
    os: [linux]

  girgen@0.2.3:
    resolution: {integrity: sha512-2JABOaOFUDQccFhrEalvYAfxJfuBlJTWPkQ86h3+5AcWg9qb/I8fORCJ4g8dCto2zuG/LtatNvVEK6uWZungxQ==}
    hasBin: true

snapshots:

  '@girgen/linux-x64@0.2.3':
    optional: true

  girgen@0.2.3:
    optionalDependencies:
      '@girgen/linux-x64': 0.2.3
