lockfileVersion: '9.0'

settings:
  autoInstallPeers: true
  excludeLinksFromLockfile: false

packageExtensionsChecksum: sha256-6PyaMRN1dXsVK0hQrlK2GkyutT0zhxSKrAlM/tzlT98=

importers:

  .:
    devDependencies:
      girgen:
        specifier: ^0.2.2
        version: 0.2.2

packages:

  '@girgen/linux-x64@0.2.2':
    resolution: {integrity: sha512-CMsr7i25NAL3dfV3nB/TMUsX9TEVk0AMkjzJ9g49PZLosF7klSGZuaszhToNP56yJNMYtTutrlU/sxGebkG9mQ==}
    cpu: [x64]
    os: [linux]

  girgen@0.2.2:
    resolution: {integrity: sha512-BEWBXmVFSq3tomlrypFqB2lG1vOeASU3qtUARtSc2QdGDhcPatj/XcUhwYBZ7FyKhv7pCPKN1gvfwmoncH6Bng==}
    hasBin: true

snapshots:

  '@girgen/linux-x64@0.2.2':
    optional: true

  girgen@0.2.2:
    optionalDependencies:
      '@girgen/linux-x64': 0.2.2
