lockfileVersion: '9.0'

settings:
  autoInstallPeers: true
  excludeLinksFromLockfile: false

packageExtensionsChecksum: sha256-6PyaMRN1dXsVK0hQrlK2GkyutT0zhxSKrAlM/tzlT98=

importers:

  .:
    devDependencies:
      girgen:
        specifier: ^0.2.11
        version: 0.2.11

  types: {}

packages:

  '@girgen/linux-x64@0.2.11':
    resolution: {integrity: sha512-VdH2r0kssdWB/Q8VoirVU05pWUdcTmIZxxuqLdFSZpjSs3GLgHpYPskXFtcYap2f/Vt1HfDimxYQ99KX64AyXw==}
    cpu: [x64]
    os: [linux]

  girgen@0.2.11:
    resolution: {integrity: sha512-qgKJgDKvH/25RGiMYfCOi66DicZQa8xEDmFPGyKx7lvKDpeBmRk/odqYz7X6XvtkwdQHrP0V0ZJlp922gvWTtQ==}
    hasBin: true

snapshots:

  '@girgen/linux-x64@0.2.11':
    optional: true

  girgen@0.2.11:
    optionalDependencies:
      '@girgen/linux-x64': 0.2.11
